
Microsoft Visual Studio Solution File, Format Version 12.00
# Visual Studio 15
VisualStudioVersion = 15.0.28010.2026
MinimumVisualStudioVersion = 10.0.40219.1
Project("{FAE04EC0-301F-11D3-BF4B-00C04F79EFBC}") = "D2KRMG", "D2KRMG\D2KRMG.csproj", "{29BFDB88-0BD2-463A-8006-24CC2C0F492D}"
EndProject
Global
	GlobalSection(SolutionConfigurationPlatforms) = preSolution
		Debug|Any CPU = Debug|Any CPU
		Release|Any CPU = Release|Any CPU
	EndGlobalSection
	GlobalSection(ProjectConfigurationPlatforms) = postSolution
		{29BFDB88-0BD2-463A-8006-24CC2C0F492D}.Debug|Any CPU.ActiveCfg = Debug|Any CPU
		{29BFDB88-0BD2-463A-8006-24CC2C0F492D}.Debug|Any CPU.Build.0 = Debug|Any CPU
		{29BFDB88-0BD2-463A-8006-24CC2C0F492D}.Release|Any CPU.ActiveCfg = Release|Any CPU
		{29BFDB88-0BD2-463A-8006-24CC2C0F492D}.Release|Any CPU.Build.0 = Release|Any CPU
	EndGlobalSection
	GlobalSection(SolutionProperties) = preSolution
		HideSolutionNode = FALSE
	EndGlobalSection
	GlobalSection(ExtensibilityGlobals) = postSolution
		SolutionGuid = {6D369DBA-61A4-4567-8D00-DBA939FFE21E}
	EndGlobalSection
EndGlobal
